
Microsoft Visual Studio Solution File, Format Version 12.00
# Visual Studio 15
VisualStudioVersion = 15.0.28307.1525
MinimumVisualStudioVersion = 10.0.40219.1
Project("{F184B08F-C81C-45F6-A57F-5ABD9991F28F}") = "AbsensiPegawaiTA", "AbsensiPegawaiTA\AbsensiPegawaiTA.vbproj", "{319E4D76-EF30-44D6-ABD4-567E51ED2127}"
EndProject
Global
	GlobalSection(SolutionConfigurationPlatforms) = preSolution
		Debug|Any CPU = Debug|Any CPU
		Release|Any CPU = Release|Any CPU
	EndGlobalSection
	GlobalSection(ProjectConfigurationPlatforms) = postSolution
		{319E4D76-EF30-44D6-ABD4-567E51ED2127}.Debug|Any CPU.ActiveCfg = Debug|Any CPU
		{319E4D76-EF30-44D6-ABD4-567E51ED2127}.Debug|Any CPU.Build.0 = Debug|Any CPU
		{319E4D76-EF30-44D6-ABD4-567E51ED2127}.Release|Any CPU.ActiveCfg = Release|Any CPU
		{319E4D76-EF30-44D6-ABD4-567E51ED2127}.Release|Any CPU.Build.0 = Release|Any CPU
	EndGlobalSection
	GlobalSection(SolutionProperties) = preSolution
		HideSolutionNode = FALSE
	EndGlobalSection
	GlobalSection(ExtensibilityGlobals) = postSolution
		SolutionGuid = {76C92C8E-BC56-4550-8999-B09E5F2843BC}
	EndGlobalSection
EndGlobal
